PODS:
  - dgis_mobile_sdk_map (13.4.0):
    - "DGisFlutterMapSDK (~> 13.4.0+1)"
    - Flutter
  - "DGisFlutterMapSDK (13.4.0+1)"
  - Flutter (1.0.0)
  - integration_test (0.0.1):
    - Flutter
  - permission_handler_apple (9.3.0):
    - Flutter
  - url_launcher_ios (0.0.1):
    - Flutter

DEPENDENCIES:
  - dgis_mobile_sdk_map (from `.symlinks/plugins/dgis_mobile_sdk_map/ios`)
  - Flutter (from `Flutter`)
  - integration_test (from `.symlinks/plugins/integration_test/ios`)
  - permission_handler_apple (from `.symlinks/plugins/permission_handler_apple/ios`)
  - url_launcher_ios (from `.symlinks/plugins/url_launcher_ios/ios`)

SPEC REPOS:
  https://github.com/CocoaPods/Specs.git:
    - DGisFlutterMapSDK

EXTERNAL SOURCES:
  dgis_mobile_sdk_map:
    :path: ".symlinks/plugins/dgis_mobile_sdk_map/ios"
  Flutter:
    :path: Flutter
  integration_test:
    :path: ".symlinks/plugins/integration_test/ios"
  permission_handler_apple:
    :path: ".symlinks/plugins/permission_handler_apple/ios"
  url_launcher_ios:
    :path: ".symlinks/plugins/url_launcher_ios/ios"

SPEC CHECKSUMS:
  dgis_mobile_sdk_map: 2246e993abf10f1920dd8abb40ca5c2d7385a743
  DGisFlutterMapSDK: c8c28e0231b3619ee0acda5333ac048c776e8bd1
  Flutter: cabc95a1d2626b1b06e7179b784ebcf0c0cde467
  integration_test: 4a889634ef21a45d28d50d622cf412dc6d9f586e
  permission_handler_apple: 4ed2196e43d0651e8ff7ca3483a069d469701f2d
  url_launcher_ios: 694010445543906933d732453a59da0a173ae33d

PODFILE CHECKSUM: 81b4c0fa3acfadc76db8a14210409ecf6df72520

COCOAPODS: 1.16.2
