PODS:
  - dgis_mobile_sdk_map (13.1.0):
    - "DGisFlutterMapSDK (~> 13.1.0+3)"
    - Flutter
  - "DGisFlutterMapSDK (13.1.0+3)"
  - Flutter (1.0.0)
  - integration_test (0.0.1):
    - Flutter
  - permission_handler_apple (9.3.0):
    - Flutter
  - url_launcher_ios (0.0.1):
    - Flutter

DEPENDENCIES:
  - dgis_mobile_sdk_map (from `.symlinks/plugins/dgis_mobile_sdk_map/ios`)
  - Flutter (from `Flutter`)
  - integration_test (from `.symlinks/plugins/integration_test/ios`)
  - permission_handler_apple (from `.symlinks/plugins/permission_handler_apple/ios`)
  - url_launcher_ios (from `.symlinks/plugins/url_launcher_ios/ios`)

SPEC REPOS:
  trunk:
    - DGisFlutterMapSDK

EXTERNAL SOURCES:
  dgis_mobile_sdk_map:
    :path: ".symlinks/plugins/dgis_mobile_sdk_map/ios"
  Flutter:
    :path: Flutter
  integration_test:
    :path: ".symlinks/plugins/integration_test/ios"
  permission_handler_apple:
    :path: ".symlinks/plugins/permission_handler_apple/ios"
  url_launcher_ios:
    :path: ".symlinks/plugins/url_launcher_ios/ios"

SPEC CHECKSUMS:
  dgis_mobile_sdk_map: 8e48d22f6510e69b8feba5495102ad9944204596
  DGisFlutterMapSDK: fe83cdea96f5e60d959372ef4c06e4e087a30c06
  Flutter: cabc95a1d2626b1b06e7179b784ebcf0c0cde467
  integration_test: 4a889634ef21a45d28d50d622cf412dc6d9f586e
  permission_handler_apple: 4ed2196e43d0651e8ff7ca3483a069d469701f2d
  url_launcher_ios: 694010445543906933d732453a59da0a173ae33d

PODFILE CHECKSUM: 4c438addb11b6da45ed7ae408823d68256222460

COCOAPODS: 1.16.2
