PODS:
  - dgis_mobile_sdk_map (14.0.0-alpha.1):
    - "DGisFlutterMapSDK (~> 14.0.0-alpha.1+1)"
    - Flutter
  - "DGisFlutterMapSDK (14.0.0-alpha.1+1)"
  - Flutter (1.0.0)
  - permission_handler_apple (9.3.0):
    - Flutter
  - url_launcher_ios (0.0.1):
    - Flutter

DEPENDENCIES:
  - dgis_mobile_sdk_map (from `.symlinks/plugins/dgis_mobile_sdk_map/ios`)
  - Flutter (from `Flutter`)
  - permission_handler_apple (from `.symlinks/plugins/permission_handler_apple/ios`)
  - url_launcher_ios (from `.symlinks/plugins/url_launcher_ios/ios`)

SPEC REPOS:
  https://github.com/CocoaPods/Specs.git:
    - DGisFlutterMapSDK

EXTERNAL SOURCES:
  dgis_mobile_sdk_map:
    :path: ".symlinks/plugins/dgis_mobile_sdk_map/ios"
  Flutter:
    :path: Flutter
  permission_handler_apple:
    :path: ".symlinks/plugins/permission_handler_apple/ios"
  url_launcher_ios:
    :path: ".symlinks/plugins/url_launcher_ios/ios"

SPEC CHECKSUMS:
  dgis_mobile_sdk_map: ad61e4ea2e5e0b399c0847f4bb46e89b33f886d5
  DGisFlutterMapSDK: 5f677a00ed661864041b0f7a46cdf9da84e29363
  Flutter: cabc95a1d2626b1b06e7179b784ebcf0c0cde467
  permission_handler_apple: 4ed2196e43d0651e8ff7ca3483a069d469701f2d
  url_launcher_ios: 694010445543906933d732453a59da0a173ae33d

PODFILE CHECKSUM: 81b4c0fa3acfadc76db8a14210409ecf6df72520

COCOAPODS: 1.16.2
